
Microsoft Visual Studio Solution File, Format Version 12.00
# Visual Studio Version 16
VisualStudioVersion = 16.0.30717.126
MinimumVisualStudioVersion = 10.0.40219.1
Project("{FAE04EC0-301F-11D3-BF4B-00C04F79EFBC}") = "ITM 320 Group Project", "ITM 320 Group Project\ITM 320 Group Project.csproj", "{8D358146-3F4A-45EB-8FB9-DF4D09202944}"
EndProject
Global
	GlobalSection(SolutionConfigurationPlatforms) = preSolution
		Debug|Any CPU = Debug|Any CPU
		Release|Any CPU = Release|Any CPU
	EndGlobalSection
	GlobalSection(ProjectConfigurationPlatforms) = postSolution
		{8D358146-3F4A-45EB-8FB9-DF4D09202944}.Debug|Any CPU.ActiveCfg = Debug|Any CPU
		{8D358146-3F4A-45EB-8FB9-DF4D09202944}.Debug|Any CPU.Build.0 = Debug|Any CPU
		{8D358146-3F4A-45EB-8FB9-DF4D09202944}.Release|Any CPU.ActiveCfg = Release|Any CPU
		{8D358146-3F4A-45EB-8FB9-DF4D09202944}.Release|Any CPU.Build.0 = Release|Any CPU
	EndGlobalSection
	GlobalSection(SolutionProperties) = preSolution
		HideSolutionNode = FALSE
	EndGlobalSection
	GlobalSection(ExtensibilityGlobals) = postSolution
		SolutionGuid = {B70248FB-D412-4DA7-B6E0-1A0B5733B2D9}
	EndGlobalSection
EndGlobal
